
Microsoft Visual Studio Solution File, Format Version 12.00
# Visual Studio 15
Project("{FAE04EC0-301F-11D3-BF4B-00C04F79EFBC}") = "Scheducation.Android", "Scheducation.Android\Scheducation.Android.csproj", "{92791AD6-12B9-4ED5-A540-D8F689A02D27}"
EndProject
Project("{FAE04EC0-301F-11D3-BF4B-00C04F79EFBC}") = "Scheducation.iOS", "Scheducation.iOS\Scheducation.iOS.csproj", "{A1D9DEE9-B196-4F57-99F3-708683F077B0}"
EndProject
Project("{D954291E-2A0B-460D-934E-DC6B0785DB48}") = "Scheducation", "Scheducation\Scheducation.shproj", "{96819FC0-8571-4201-94F7-240B41DD2981}"
EndProject
Global
	GlobalSection(SolutionConfigurationPlatforms) = preSolution
		Debug|Any CPU = Debug|Any CPU
		Release|Any CPU = Release|Any CPU
		Debug|iPhoneSimulator = Debug|iPhoneSimulator
		Release|iPhoneSimulator = Release|iPhoneSimulator
		Debug|iPhone = Debug|iPhone
		Release|iPhone = Release|iPhone
	EndGlobalSection
	GlobalSection(ProjectConfigurationPlatforms) = postSolution
		{92791AD6-12B9-4ED5-A540-D8F689A02D27}.Debug|Any CPU.ActiveCfg = Debug|Any CPU
		{92791AD6-12B9-4ED5-A540-D8F689A02D27}.Debug|Any CPU.Build.0 = Debug|Any CPU
		{92791AD6-12B9-4ED5-A540-D8F689A02D27}.Release|Any CPU.ActiveCfg = Release|Any CPU
		{92791AD6-12B9-4ED5-A540-D8F689A02D27}.Release|Any CPU.Build.0 = Release|Any CPU
		{92791AD6-12B9-4ED5-A540-D8F689A02D27}.Debug|iPhoneSimulator.ActiveCfg = Debug|Any CPU
		{92791AD6-12B9-4ED5-A540-D8F689A02D27}.Debug|iPhoneSimulator.Build.0 = Debug|Any CPU
		{92791AD6-12B9-4ED5-A540-D8F689A02D27}.Release|iPhoneSimulator.ActiveCfg = Release|Any CPU
		{92791AD6-12B9-4ED5-A540-D8F689A02D27}.Release|iPhoneSimulator.Build.0 = Release|Any CPU
		{92791AD6-12B9-4ED5-A540-D8F689A02D27}.Debug|iPhone.ActiveCfg = Debug|Any CPU
		{92791AD6-12B9-4ED5-A540-D8F689A02D27}.Debug|iPhone.Build.0 = Debug|Any CPU
		{92791AD6-12B9-4ED5-A540-D8F689A02D27}.Release|iPhone.ActiveCfg = Release|Any CPU
		{92791AD6-12B9-4ED5-A540-D8F689A02D27}.Release|iPhone.Build.0 = Release|Any CPU
		{A1D9DEE9-B196-4F57-99F3-708683F077B0}.Debug|Any CPU.ActiveCfg = Debug|iPhoneSimulator
		{A1D9DEE9-B196-4F57-99F3-708683F077B0}.Debug|Any CPU.Build.0 = Debug|iPhoneSimulator
		{A1D9DEE9-B196-4F57-99F3-708683F077B0}.Release|Any CPU.ActiveCfg = Release|iPhoneSimulator
		{A1D9DEE9-B196-4F57-99F3-708683F077B0}.Release|Any CPU.Build.0 = Release|iPhoneSimulator
		{A1D9DEE9-B196-4F57-99F3-708683F077B0}.Debug|iPhoneSimulator.ActiveCfg = Debug|iPhoneSimulator
		{A1D9DEE9-B196-4F57-99F3-708683F077B0}.Debug|iPhoneSimulator.Build.0 = Debug|iPhoneSimulator
		{A1D9DEE9-B196-4F57-99F3-708683F077B0}.Release|iPhoneSimulator.ActiveCfg = Release|iPhoneSimulator
		{A1D9DEE9-B196-4F57-99F3-708683F077B0}.Release|iPhoneSimulator.Build.0 = Release|iPhoneSimulator
		{A1D9DEE9-B196-4F57-99F3-708683F077B0}.Debug|iPhone.ActiveCfg = Debug|iPhone
		{A1D9DEE9-B196-4F57-99F3-708683F077B0}.Debug|iPhone.Build.0 = Debug|iPhone
		{A1D9DEE9-B196-4F57-99F3-708683F077B0}.Release|iPhone.ActiveCfg = Release|iPhone
		{A1D9DEE9-B196-4F57-99F3-708683F077B0}.Release|iPhone.Build.0 = Release|iPhone
	EndGlobalSection
EndGlobal
