// !$*UTF8*$!
{
	archiveVersion = 1;
	classes = {
	};
	objectVersion = 51;
	objects = {

/* Begin PBXBuildFile section */
		32FD47C920C7C08373BF474B /* Pods_Scheducation.framework in Frameworks */ = {isa = PBXBuildFile; fileRef = E21540A83F4899065527E5CE /* Pods_Scheducation.framework */; };
		52E02E84A418711C7AC945D9 /* Pods_Scheducation_ScheducationUITests.framework in Frameworks */ = {isa = PBXBuildFile; fileRef = 0DC07B0AC9838391285223D1 /* Pods_Scheducation_ScheducationUITests.framework */; };
		9615E28523984B8A00A852F0 /* AppDelegate.swift in Sources */ = {isa = PBXBuildFile; fileRef = 9615E28423984B8A00A852F0 /* AppDelegate.swift */; };
		9615E28723984B8A00A852F0 /* ViewController.swift in Sources */ = {isa = PBXBuildFile; fileRef = 9615E28623984B8A00A852F0 /* ViewController.swift */; };
		9615E28A23984B8A00A852F0 /* Main.storyboard in Resources */ = {isa = PBXBuildFile; fileRef = 9615E28823984B8A00A852F0 /* Main.storyboard */; };
		9615E28D23984B8A00A852F0 /* Scheducation.xcdatamodeld in Sources */ = {isa = PBXBuildFile; fileRef = 9615E28B23984B8A00A852F0 /* Scheducation.xcdatamodeld */; };
		9615E28F23984B8B00A852F0 /* Assets.xcassets in Resources */ = {isa = PBXBuildFile; fileRef = 9615E28E23984B8B00A852F0 /* Assets.xcassets */; };
		9615E29223984B8B00A852F0 /* LaunchScreen.storyboard in Resources */ = {isa = PBXBuildFile; fileRef = 9615E29023984B8B00A852F0 /* LaunchScreen.storyboard */; };
		9615E29D23984B8B00A852F0 /* ScheducationTests.swift in Sources */ = {isa = PBXBuildFile; fileRef = 9615E29C23984B8B00A852F0 /* ScheducationTests.swift */; };
		9615E2A823984B8B00A852F0 /* ScheducationUITests.swift in Sources */ = {isa = PBXBuildFile; fileRef = 9615E2A723984B8B00A852F0 /* ScheducationUITests.swift */; };
		CA14A9D6BCD599C4F2FE4DDC /* Pods_ScheducationTests.framework in Frameworks */ = {isa = PBXBuildFile; fileRef = 0DEC62565DCC1F8A1562CFF3 /* Pods_ScheducationTests.framework */; };
/* End PBXBuildFile section */

/* Begin PBXContainerItemProxy section */
		9615E29923984B8B00A852F0 /* PBXContainerItemProxy */ = {
			isa = PBXContainerItemProxy;
			containerPortal = 9615E27923984B8A00A852F0 /* Project object */;
			proxyType = 1;
			remoteGlobalIDString = 9615E28023984B8A00A852F0;
			remoteInfo = Scheducation;
		};
		9615E2A423984B8B00A852F0 /* PBXContainerItemProxy */ = {
			isa = PBXContainerItemProxy;
			containerPortal = 9615E27923984B8A00A852F0 /* Project object */;
			proxyType = 1;
			remoteGlobalIDString = 9615E28023984B8A00A852F0;
			remoteInfo = Scheducation;
		};
/* End PBXContainerItemProxy section */

/* Begin PBXFileReference section */
		0DC07B0AC9838391285223D1 /* Pods_Scheducation_ScheducationUITests.framework */ = {isa = PBXFileReference; explicitFileType = wrapper.framework; includeInIndex = 0; path = Pods_Scheducation_ScheducationUITests.framework; sourceTree = BUILT_PRODUCTS_DIR; };
		0DEC62565DCC1F8A1562CFF3 /* Pods_ScheducationTests.framework */ = {isa = PBXFileReference; explicitFileType = wrapper.framework; includeInIndex = 0; path = Pods_ScheducationTests.framework; sourceTree = BUILT_PRODUCTS_DIR; };
		45A5636B252030954561B7FB /* Pods-ScheducationTests.debug.xcconfig */ = {isa = PBXFileReference; includeInIndex = 1; lastKnownFileType = text.xcconfig; name = "Pods-ScheducationTests.debug.xcconfig"; path = "Target Support Files/Pods-ScheducationTests/Pods-ScheducationTests.debug.xcconfig"; sourceTree = "<group>"; };
		5522CD9CFF5E61D04380AE7E /* Pods-Scheducation-ScheducationUITests.debug.xcconfig */ = {isa = PBXFileReference; includeInIndex = 1; lastKnownFileType = text.xcconfig; name = "Pods-Scheducation-ScheducationUITests.debug.xcconfig"; path = "Target Support Files/Pods-Scheducation-ScheducationUITests/Pods-Scheducation-ScheducationUITests.debug.xcconfig"; sourceTree = "<group>"; };
		9615E28123984B8A00A852F0 /* Scheducation.app */ = {isa = PBXFileReference; explicitFileType = wrapper.application; includeInIndex = 0; path = Scheducation.app; sourceTree = BUILT_PRODUCTS_DIR; };
		9615E28423984B8A00A852F0 /* AppDelegate.swift */ = {isa = PBXFileReference; lastKnownFileType = sourcecode.swift; path = AppDelegate.swift; sourceTree = "<group>"; };
		9615E28623984B8A00A852F0 /* ViewController.swift */ = {isa = PBXFileReference; lastKnownFileType = sourcecode.swift; path = ViewController.swift; sourceTree = "<group>"; };
		9615E28923984B8A00A852F0 /* Base */ = {isa = PBXFileReference; lastKnownFileType = file.storyboard; name = Base; path = Base.lproj/Main.storyboard; sourceTree = "<group>"; };
		9615E28C23984B8A00A852F0 /* Scheducation.xcdatamodel */ = {isa = PBXFileReference; lastKnownFileType = wrapper.xcdatamodel; path = Scheducation.xcdatamodel; sourceTree = "<group>"; };
		9615E28E23984B8B00A852F0 /* Assets.xcassets */ = {isa = PBXFileReference; lastKnownFileType = folder.assetcatalog; path = Assets.xcassets; sourceTree = "<group>"; };
		9615E29123984B8B00A852F0 /* Base */ = {isa = PBXFileReference; lastKnownFileType = file.storyboard; name = Base; path = Base.lproj/LaunchScreen.storyboard; sourceTree = "<group>"; };
		9615E29323984B8B00A852F0 /* Info.plist */ = {isa = PBXFileReference; lastKnownFileType = text.plist.xml; path = Info.plist; sourceTree = "<group>"; };
		9615E29823984B8B00A852F0 /* ScheducationTests.xctest */ = {isa = PBXFileReference; explicitFileType = wrapper.cfbundle; includeInIndex = 0; path = ScheducationTests.xctest; sourceTree = BUILT_PRODUCTS_DIR; };
		9615E29C23984B8B00A852F0 /* ScheducationTests.swift */ = {isa = PBXFileReference; lastKnownFileType = sourcecode.swift; path = ScheducationTests.swift; sourceTree = "<group>"; };
		9615E29E23984B8B00A852F0 /* Info.plist */ = {isa = PBXFileReference; lastKnownFileType = text.plist.xml; path = Info.plist; sourceTree = "<group>"; };
		9615E2A323984B8B00A852F0 /* ScheducationUITests.xctest */ = {isa = PBXFileReference; explicitFileType = wrapper.cfbundle; includeInIndex = 0; path = ScheducationUITests.xctest; sourceTree = BUILT_PRODUCTS_DIR; };
		9615E2A723984B8B00A852F0 /* ScheducationUITests.swift */ = {isa = PBXFileReference; lastKnownFileType = sourcecode.swift; path = ScheducationUITests.swift; sourceTree = "<group>"; };
		9615E2A923984B8B00A852F0 /* Info.plist */ = {isa = PBXFileReference; lastKnownFileType = text.plist.xml; path = Info.plist; sourceTree = "<group>"; };
		A438D316584EA3FB5D1FEE6D /* Pods-ScheducationTests.release.xcconfig */ = {isa = PBXFileReference; includeInIndex = 1; lastKnownFileType = text.xcconfig; name = "Pods-ScheducationTests.release.xcconfig"; path = "Target Support Files/Pods-ScheducationTests/Pods-ScheducationTests.release.xcconfig"; sourceTree = "<group>"; };
		C3599B2F21E00A9259394A87 /* Pods-Scheducation-ScheducationUITests.release.xcconfig */ = {isa = PBXFileReference; includeInIndex = 1; lastKnownFileType = text.xcconfig; name = "Pods-Scheducation-ScheducationUITests.release.xcconfig"; path = "Target Support Files/Pods-Scheducation-ScheducationUITests/Pods-Scheducation-ScheducationUITests.release.xcconfig"; sourceTree = "<group>"; };
		CA9451ED079553B399B0009F /* Pods-Scheducation.release.xcconfig */ = {isa = PBXFileReference; includeInIndex = 1; lastKnownFileType = text.xcconfig; name = "Pods-Scheducation.release.xcconfig"; path = "Target Support Files/Pods-Scheducation/Pods-Scheducation.release.xcconfig"; sourceTree = "<group>"; };
		E21540A83F4899065527E5CE /* Pods_Scheducation.framework */ = {isa = PBXFileReference; explicitFileType = wrapper.framework; includeInIndex = 0; path = Pods_Scheducation.framework; sourceTree = BUILT_PRODUCTS_DIR; };
		EF0190E903C212D5C2B9E38C /* Pods-Scheducation.debug.xcconfig */ = {isa = PBXFileReference; includeInIndex = 1; lastKnownFileType = text.xcconfig; name = "Pods-Scheducation.debug.xcconfig"; path = "Target Support Files/Pods-Scheducation/Pods-Scheducation.debug.xcconfig"; sourceTree = "<group>"; };
/* End PBXFileReference section */

/* Begin PBXFrameworksBuildPhase section */
		9615E27E23984B8A00A852F0 /* Frameworks */ = {
			isa = PBXFrameworksBuildPhase;
			buildActionMask = 2147483647;
			files = (
				32FD47C920C7C08373BF474B /* Pods_Scheducation.framework in Frameworks */,
			);
			runOnlyForDeploymentPostprocessing = 0;
		};
		9615E29523984B8B00A852F0 /* Frameworks */ = {
			isa = PBXFrameworksBuildPhase;
			buildActionMask = 2147483647;
			files = (
				CA14A9D6BCD599C4F2FE4DDC /* Pods_ScheducationTests.framework in Frameworks */,
			);
			runOnlyForDeploymentPostprocessing = 0;
		};
		9615E2A023984B8B00A852F0 /* Frameworks */ = {
			isa = PBXFrameworksBuildPhase;
			buildActionMask = 2147483647;
			files = (
				52E02E84A418711C7AC945D9 /* Pods_Scheducation_ScheducationUITests.framework in Frameworks */,
			);
			runOnlyForDeploymentPostprocessing = 0;
		};
/* End PBXFrameworksBuildPhase section */

/* Begin PBXGroup section */
		504DBB546BC3632C32FB7FDE /* Frameworks */ = {
			isa = PBXGroup;
			children = (
				E21540A83F4899065527E5CE /* Pods_Scheducation.framework */,
				0DC07B0AC9838391285223D1 /* Pods_Scheducation_ScheducationUITests.framework */,
				0DEC62565DCC1F8A1562CFF3 /* Pods_ScheducationTests.framework */,
			);
			name = Frameworks;
			sourceTree = "<group>";
		};
		5485618EA161CC62B0BE23AD /* Pods */ = {
			isa = PBXGroup;
			children = (
				EF0190E903C212D5C2B9E38C /* Pods-Scheducation.debug.xcconfig */,
				CA9451ED079553B399B0009F /* Pods-Scheducation.release.xcconfig */,
				5522CD9CFF5E61D04380AE7E /* Pods-Scheducation-ScheducationUITests.debug.xcconfig */,
				C3599B2F21E00A9259394A87 /* Pods-Scheducation-ScheducationUITests.release.xcconfig */,
				45A5636B252030954561B7FB /* Pods-ScheducationTests.debug.xcconfig */,
				A438D316584EA3FB5D1FEE6D /* Pods-ScheducationTests.release.xcconfig */,
			);
			path = Pods;
			sourceTree = "<group>";
		};
		9615E27823984B8A00A852F0 = {
			isa = PBXGroup;
			children = (
				9615E28323984B8A00A852F0 /* Scheducation */,
				9615E29B23984B8B00A852F0 /* ScheducationTests */,
				9615E2A623984B8B00A852F0 /* ScheducationUITests */,
				9615E28223984B8A00A852F0 /* Products */,
				5485618EA161CC62B0BE23AD /* Pods */,
				504DBB546BC3632C32FB7FDE /* Frameworks */,
			);
			sourceTree = "<group>";
		};
		9615E28223984B8A00A852F0 /* Products */ = {
			isa = PBXGroup;
			children = (
				9615E28123984B8A00A852F0 /* Scheducation.app */,
				9615E29823984B8B00A852F0 /* ScheducationTests.xctest */,
				9615E2A323984B8B00A852F0 /* ScheducationUITests.xctest */,
			);
			name = Products;
			sourceTree = "<group>";
		};
		9615E28323984B8A00A852F0 /* Scheducation */ = {
			isa = PBXGroup;
			children = (
				9615E28423984B8A00A852F0 /* AppDelegate.swift */,
				9615E28623984B8A00A852F0 /* ViewController.swift */,
				9615E28823984B8A00A852F0 /* Main.storyboard */,
				9615E28E23984B8B00A852F0 /* Assets.xcassets */,
				9615E29023984B8B00A852F0 /* LaunchScreen.storyboard */,
				9615E29323984B8B00A852F0 /* Info.plist */,
				9615E28B23984B8A00A852F0 /* Scheducation.xcdatamodeld */,
			);
			path = Scheducation;
			sourceTree = "<group>";
		};
		9615E29B23984B8B00A852F0 /* ScheducationTests */ = {
			isa = PBXGroup;
			children = (
				9615E29C23984B8B00A852F0 /* ScheducationTests.swift */,
				9615E29E23984B8B00A852F0 /* Info.plist */,
			);
			path = ScheducationTests;
			sourceTree = "<group>";
		};
		9615E2A623984B8B00A852F0 /* ScheducationUITests */ = {
			isa = PBXGroup;
			children = (
				9615E2A723984B8B00A852F0 /* ScheducationUITests.swift */,
				9615E2A923984B8B00A852F0 /* Info.plist */,
			);
			path = ScheducationUITests;
			sourceTree = "<group>";
		};
/* End PBXGroup section */

/* Begin PBXNativeTarget section */
		9615E28023984B8A00A852F0 /* Scheducation */ = {
			isa = PBXNativeTarget;
			buildConfigurationList = 9615E2AC23984B8B00A852F0 /* Build configuration list for PBXNativeTarget "Scheducation" */;
			buildPhases = (
				6513FB56A4C526ED8F3E4AF6 /* [CP] Check Pods Manifest.lock */,
				9615E27D23984B8A00A852F0 /* Sources */,
				9615E27E23984B8A00A852F0 /* Frameworks */,
				9615E27F23984B8A00A852F0 /* Resources */,
				0BFA65445ED705E1024B5D3A /* [CP] Embed Pods Frameworks */,
			);
			buildRules = (
			);
			dependencies = (
			);
			name = Scheducation;
			productName = Scheducation;
			productReference = 9615E28123984B8A00A852F0 /* Scheducation.app */;
			productType = "com.apple.product-type.application";
		};
		9615E29723984B8B00A852F0 /* ScheducationTests */ = {
			isa = PBXNativeTarget;
			buildConfigurationList = 9615E2AF23984B8B00A852F0 /* Build configuration list for PBXNativeTarget "ScheducationTests" */;
			buildPhases = (
				6CC195534447D08D704DF642 /* [CP] Check Pods Manifest.lock */,
				9615E29423984B8B00A852F0 /* Sources */,
				9615E29523984B8B00A852F0 /* Frameworks */,
				9615E29623984B8B00A852F0 /* Resources */,
			);
			buildRules = (
			);
			dependencies = (
				9615E29A23984B8B00A852F0 /* PBXTargetDependency */,
			);
			name = ScheducationTests;
			productName = ScheducationTests;
			productReference = 9615E29823984B8B00A852F0 /* ScheducationTests.xctest */;
			productType = "com.apple.product-type.bundle.unit-test";
		};
		9615E2A223984B8B00A852F0 /* ScheducationUITests */ = {
			isa = PBXNativeTarget;
			buildConfigurationList = 9615E2B223984B8B00A852F0 /* Build configuration list for PBXNativeTarget "ScheducationUITests" */;
			buildPhases = (
				47C15BE5DAA2A22C611C725F /* [CP] Check Pods Manifest.lock */,
				9615E29F23984B8B00A852F0 /* Sources */,
				9615E2A023984B8B00A852F0 /* Frameworks */,
				9615E2A123984B8B00A852F0 /* Resources */,
				FEAF75EE5FEAB6D4F4DE3389 /* [CP] Embed Pods Frameworks */,
			);
			buildRules = (
			);
			dependencies = (
				9615E2A523984B8B00A852F0 /* PBXTargetDependency */,
			);
			name = ScheducationUITests;
			productName = ScheducationUITests;
			productReference = 9615E2A323984B8B00A852F0 /* ScheducationUITests.xctest */;
			productType = "com.apple.product-type.bundle.ui-testing";
		};
/* End PBXNativeTarget section */

/* Begin PBXProject section */
		9615E27923984B8A00A852F0 /* Project object */ = {
			isa = PBXProject;
			attributes = {
				LastSwiftUpdateCheck = 1000;
				LastUpgradeCheck = 1000;
				ORGANIZATIONNAME = "Jason Inirio";
				TargetAttributes = {
					9615E28023984B8A00A852F0 = {
						CreatedOnToolsVersion = 10.0;
					};
					9615E29723984B8B00A852F0 = {
						CreatedOnToolsVersion = 10.0;
						TestTargetID = 9615E28023984B8A00A852F0;
					};
					9615E2A223984B8B00A852F0 = {
						CreatedOnToolsVersion = 10.0;
						TestTargetID = 9615E28023984B8A00A852F0;
					};
				};
			};
			buildConfigurationList = 9615E27C23984B8A00A852F0 /* Build configuration list for PBXProject "Scheducation" */;
			compatibilityVersion = "Xcode 9.3";
			developmentRegion = en;
			hasScannedForEncodings = 0;
			knownRegions = (
				en,
				Base,
			);
			mainGroup = 9615E27823984B8A00A852F0;
			productRefGroup = 9615E28223984B8A00A852F0 /* Products */;
			projectDirPath = "";
			projectRoot = "";
			targets = (
				9615E28023984B8A00A852F0 /* Scheducation */,
				9615E29723984B8B00A852F0 /* ScheducationTests */,
				9615E2A223984B8B00A852F0 /* ScheducationUITests */,
			);
		};
/* End PBXProject section */

/* Begin PBXResourcesBuildPhase section */
		9615E27F23984B8A00A852F0 /* Resources */ = {
			isa = PBXResourcesBuildPhase;
			buildActionMask = 2147483647;
			files = (
				9615E29223984B8B00A852F0 /* LaunchScreen.storyboard in Resources */,
				9615E28F23984B8B00A852F0 /* Assets.xcassets in Resources */,
				9615E28A23984B8A00A852F0 /* Main.storyboard in Resources */,
			);
			runOnlyForDeploymentPostprocessing = 0;
		};
		9615E29623984B8B00A852F0 /* Resources */ = {
			isa = PBXResourcesBuildPhase;
			buildActionMask = 2147483647;
			files = (
			);
			runOnlyForDeploymentPostprocessing = 0;
		};
		9615E2A123984B8B00A852F0 /* Resources */ = {
			isa = PBXResourcesBuildPhase;
			buildActionMask = 2147483647;
			files = (
			);
			runOnlyForDeploymentPostprocessing = 0;
		};
/* End PBXResourcesBuildPhase section */

/* Begin PBXShellScriptBuildPhase section */
		0BFA65445ED705E1024B5D3A /* [CP] Embed Pods Frameworks */ = {
			isa = PBXShellScriptBuildPhase;
			buildActionMask = 2147483647;
			files = (
			);
			inputFileListPaths = (
				"${PODS_ROOT}/Target Support Files/Pods-Scheducation/Pods-Scheducation-frameworks-${CONFIGURATION}-input-files.xcfilelist",
			);
			name = "[CP] Embed Pods Frameworks";
			outputFileListPaths = (
				"${PODS_ROOT}/Target Support Files/Pods-Scheducation/Pods-Scheducation-frameworks-${CONFIGURATION}-output-files.xcfilelist",
			);
			runOnlyForDeploymentPostprocessing = 0;
			shellPath = /bin/sh;
			shellScript = "\"${PODS_ROOT}/Target Support Files/Pods-Scheducation/Pods-Scheducation-frameworks.sh\"\n";
			showEnvVarsInLog = 0;
		};
		47C15BE5DAA2A22C611C725F /* [CP] Check Pods Manifest.lock */ = {
			isa = PBXShellScriptBuildPhase;
			buildActionMask = 2147483647;
			files = (
			);
			inputFileListPaths = (
			);
			inputPaths = (
				"${PODS_PODFILE_DIR_PATH}/Podfile.lock",
				"${PODS_ROOT}/Manifest.lock",
			);
			name = "[CP] Check Pods Manifest.lock";
			outputFileListPaths = (
			);
			outputPaths = (
				"$(DERIVED_FILE_DIR)/Pods-Scheducation-ScheducationUITests-checkManifestLockResult.txt",
			);
			runOnlyForDeploymentPostprocessing = 0;
			shellPath = /bin/sh;
			shellScript = "diff \"${PODS_PODFILE_DIR_PATH}/Podfile.lock\" \"${PODS_ROOT}/Manifest.lock\" > /dev/null\nif [ $? != 0 ] ; then\n    # print error to STDERR\n    echo \"error: The sandbox is not in sync with the Podfile.lock. Run 'pod install' or update your CocoaPods installation.\" >&2\n    exit 1\nfi\n# This output is used by Xcode 'outputs' to avoid re-running this script phase.\necho \"SUCCESS\" > \"${SCRIPT_OUTPUT_FILE_0}\"\n";
			showEnvVarsInLog = 0;
		};
		6513FB56A4C526ED8F3E4AF6 /* [CP] Check Pods Manifest.lock */ = {
			isa = PBXShellScriptBuildPhase;
			buildActionMask = 2147483647;
			files = (
			);
			inputFileListPaths = (
			);
			inputPaths = (
				"${PODS_PODFILE_DIR_PATH}/Podfile.lock",
				"${PODS_ROOT}/Manifest.lock",
			);
			name = "[CP] Check Pods Manifest.lock";
			outputFileListPaths = (
			);
			outputPaths = (
				"$(DERIVED_FILE_DIR)/Pods-Scheducation-checkManifestLockResult.txt",
			);
			runOnlyForDeploymentPostprocessing = 0;
			shellPath = /bin/sh;
			shellScript = "diff \"${PODS_PODFILE_DIR_PATH}/Podfile.lock\" \"${PODS_ROOT}/Manifest.lock\" > /dev/null\nif [ $? != 0 ] ; then\n    # print error to STDERR\n    echo \"error: The sandbox is not in sync with the Podfile.lock. Run 'pod install' or update your CocoaPods installation.\" >&2\n    exit 1\nfi\n# This output is used by Xcode 'outputs' to avoid re-running this script phase.\necho \"SUCCESS\" > \"${SCRIPT_OUTPUT_FILE_0}\"\n";
			showEnvVarsInLog = 0;
		};
		6CC195534447D08D704DF642 /* [CP] Check Pods Manifest.lock */ = {
			isa = PBXShellScriptBuildPhase;
			buildActionMask = 2147483647;
			files = (
			);
			inputFileListPaths = (
			);
			inputPaths = (
				"${PODS_PODFILE_DIR_PATH}/Podfile.lock",
				"${PODS_ROOT}/Manifest.lock",
			);
			name = "[CP] Check Pods Manifest.lock";
			outputFileListPaths = (
			);
			outputPaths = (
				"$(DERIVED_FILE_DIR)/Pods-ScheducationTests-checkManifestLockResult.txt",
			);
			runOnlyForDeploymentPostprocessing = 0;
			shellPath = /bin/sh;
			shellScript = "diff \"${PODS_PODFILE_DIR_PATH}/Podfile.lock\" \"${PODS_ROOT}/Manifest.lock\" > /dev/null\nif [ $? != 0 ] ; then\n    # print error to STDERR\n    echo \"error: The sandbox is not in sync with the Podfile.lock. Run 'pod install' or update your CocoaPods installation.\" >&2\n    exit 1\nfi\n# This output is used by Xcode 'outputs' to avoid re-running this script phase.\necho \"SUCCESS\" > \"${SCRIPT_OUTPUT_FILE_0}\"\n";
			showEnvVarsInLog = 0;
		};
		FEAF75EE5FEAB6D4F4DE3389 /* [CP] Embed Pods Frameworks */ = {
			isa = PBXShellScriptBuildPhase;
			buildActionMask = 2147483647;
			files = (
			);
			inputFileListPaths = (
				"${PODS_ROOT}/Target Support Files/Pods-Scheducation-ScheducationUITests/Pods-Scheducation-ScheducationUITests-frameworks-${CONFIGURATION}-input-files.xcfilelist",
			);
			name = "[CP] Embed Pods Frameworks";
			outputFileListPaths = (
				"${PODS_ROOT}/Target Support Files/Pods-Scheducation-ScheducationUITests/Pods-Scheducation-ScheducationUITests-frameworks-${CONFIGURATION}-output-files.xcfilelist",
			);
			runOnlyForDeploymentPostprocessing = 0;
			shellPath = /bin/sh;
			shellScript = "\"${PODS_ROOT}/Target Support Files/Pods-Scheducation-ScheducationUITests/Pods-Scheducation-ScheducationUITests-frameworks.sh\"\n";
			showEnvVarsInLog = 0;
		};
/* End PBXShellScriptBuildPhase section */

/* Begin PBXSourcesBuildPhase section */
		9615E27D23984B8A00A852F0 /* Sources */ = {
			isa = PBXSourcesBuildPhase;
			buildActionMask = 2147483647;
			files = (
				9615E28723984B8A00A852F0 /* ViewController.swift in Sources */,
				9615E28D23984B8A00A852F0 /* Scheducation.xcdatamodeld in Sources */,
				9615E28523984B8A00A852F0 /* AppDelegate.swift in Sources */,
			);
			runOnlyForDeploymentPostprocessing = 0;
		};
		9615E29423984B8B00A852F0 /* Sources */ = {
			isa = PBXSourcesBuildPhase;
			buildActionMask = 2147483647;
			files = (
				9615E29D23984B8B00A852F0 /* ScheducationTests.swift in Sources */,
			);
			runOnlyForDeploymentPostprocessing = 0;
		};
		9615E29F23984B8B00A852F0 /* Sources */ = {
			isa = PBXSourcesBuildPhase;
			buildActionMask = 2147483647;
			files = (
				9615E2A823984B8B00A852F0 /* ScheducationUITests.swift in Sources */,
			);
			runOnlyForDeploymentPostprocessing = 0;
		};
/* End PBXSourcesBuildPhase section */

/* Begin PBXTargetDependency section */
		9615E29A23984B8B00A852F0 /* PBXTargetDependency */ = {
			isa = PBXTargetDependency;
			target = 9615E28023984B8A00A852F0 /* Scheducation */;
			targetProxy = 9615E29923984B8B00A852F0 /* PBXContainerItemProxy */;
		};
		9615E2A523984B8B00A852F0 /* PBXTargetDependency */ = {
			isa = PBXTargetDependency;
			target = 9615E28023984B8A00A852F0 /* Scheducation */;
			targetProxy = 9615E2A423984B8B00A852F0 /* PBXContainerItemProxy */;
		};
/* End PBXTargetDependency section */

/* Begin PBXVariantGroup section */
		9615E28823984B8A00A852F0 /* Main.storyboard */ = {
			isa = PBXVariantGroup;
			children = (
				9615E28923984B8A00A852F0 /* Base */,
			);
			name = Main.storyboard;
			sourceTree = "<group>";
		};
		9615E29023984B8B00A852F0 /* LaunchScreen.storyboard */ = {
			isa = PBXVariantGroup;
			children = (
				9615E29123984B8B00A852F0 /* Base */,
			);
			name = LaunchScreen.storyboard;
			sourceTree = "<group>";
		};
/* End PBXVariantGroup section */

/* Begin XCBuildConfiguration section */
		9615E2AA23984B8B00A852F0 /* Debug */ = {
			isa = XCBuildConfiguration;
			buildSettings = {
				ALWAYS_SEARCH_USER_PATHS = NO;
				CLANG_ANALYZER_NONNULL = YES;
				CLANG_ANALYZER_NUMBER_OBJECT_CONVERSION = YES_AGGRESSIVE;
				CLANG_CXX_LANGUAGE_STANDARD = "gnu++14";
				CLANG_CXX_LIBRARY = "libc++";
				CLANG_ENABLE_MODULES = YES;
				CLANG_ENABLE_OBJC_ARC = YES;
				CLANG_ENABLE_OBJC_WEAK = YES;
				CLANG_WARN_BLOCK_CAPTURE_AUTORELEASING = YES;
				CLANG_WARN_BOOL_CONVERSION = YES;
				CLANG_WARN_COMMA = YES;
				CLANG_WARN_CONSTANT_CONVERSION = YES;
				CLANG_WARN_DEPRECATED_OBJC_IMPLEMENTATIONS = YES;
				CLANG_WARN_DIRECT_OBJC_ISA_USAGE = YES_ERROR;
				CLANG_WARN_DOCUMENTATION_COMMENTS = YES;
				CLANG_WARN_EMPTY_BODY = YES;
				CLANG_WARN_ENUM_CONVERSION = YES;
				CLANG_WARN_INFINITE_RECURSION = YES;
				CLANG_WARN_INT_CONVERSION = YES;
				CLANG_WARN_NON_LITERAL_NULL_CONVERSION = YES;
				CLANG_WARN_OBJC_IMPLICIT_RETAIN_SELF = YES;
				CLANG_WARN_OBJC_LITERAL_CONVERSION = YES;
				CLANG_WARN_OBJC_ROOT_CLASS = YES_ERROR;
				CLANG_WARN_RANGE_LOOP_ANALYSIS = YES;
				CLANG_WARN_STRICT_PROTOTYPES = YES;
				CLANG_WARN_SUSPICIOUS_MOVE = YES;
				CLANG_WARN_UNGUARDED_AVAILABILITY = YES_AGGRESSIVE;
				CLANG_WARN_UNREACHABLE_CODE = YES;
				CLANG_WARN__DUPLICATE_METHOD_MATCH = YES;
				CODE_SIGN_IDENTITY = "iPhone Developer";
				COPY_PHASE_STRIP = NO;
				DEBUG_INFORMATION_FORMAT = dwarf;
				ENABLE_STRICT_OBJC_MSGSEND = YES;
				ENABLE_TESTABILITY = YES;
				GCC_C_LANGUAGE_STANDARD = gnu11;
				GCC_DYNAMIC_NO_PIC = NO;
				GCC_NO_COMMON_BLOCKS = YES;
				GCC_OPTIMIZATION_LEVEL = 0;
				GCC_PREPROCESSOR_DEFINITIONS = (
					"DEBUG=1",
					"$(inherited)",
				);
				GCC_WARN_64_TO_32_BIT_CONVERSION = YES;
				GCC_WARN_ABOUT_RETURN_TYPE = YES_ERROR;
				GCC_WARN_UNDECLARED_SELECTOR = YES;
				GCC_WARN_UNINITIALIZED_AUTOS = YES_AGGRESSIVE;
				GCC_WARN_UNUSED_FUNCTION = YES;
				GCC_WARN_UNUSED_VARIABLE = YES;
				IPHONEOS_DEPLOYMENT_TARGET = 12.0;
				MTL_ENABLE_DEBUG_INFO = INCLUDE_SOURCE;
				MTL_FAST_MATH = YES;
				ONLY_ACTIVE_ARCH = YES;
				SDKROOT = iphoneos;
				SWIFT_ACTIVE_COMPILATION_CONDITIONS = DEBUG;
				SWIFT_OPTIMIZATION_LEVEL = "-Onone";
				SWIFT_VERSION = 4.2;
			};
			name = Debug;
		};
		9615E2AB23984B8B00A852F0 /* Release */ = {
			isa = XCBuildConfiguration;
			buildSettings = {
				ALWAYS_SEARCH_USER_PATHS = NO;
				CLANG_ANALYZER_NONNULL = YES;
				CLANG_ANALYZER_NUMBER_OBJECT_CONVERSION = YES_AGGRESSIVE;
				CLANG_CXX_LANGUAGE_STANDARD = "gnu++14";
				CLANG_CXX_LIBRARY = "libc++";
				CLANG_ENABLE_MODULES = YES;
				CLANG_ENABLE_OBJC_ARC = YES;
				CLANG_ENABLE_OBJC_WEAK = YES;
				CLANG_WARN_BLOCK_CAPTURE_AUTORELEASING = YES;
				CLANG_WARN_BOOL_CONVERSION = YES;
				CLANG_WARN_COMMA = YES;
				CLANG_WARN_CONSTANT_CONVERSION = YES;
				CLANG_WARN_DEPRECATED_OBJC_IMPLEMENTATIONS = YES;
				CLANG_WARN_DIRECT_OBJC_ISA_USAGE = YES_ERROR;
				CLANG_WARN_DOCUMENTATION_COMMENTS = YES;
				CLANG_WARN_EMPTY_BODY = YES;
				CLANG_WARN_ENUM_CONVERSION = YES;
				CLANG_WARN_INFINITE_RECURSION = YES;
				CLANG_WARN_INT_CONVERSION = YES;
				CLANG_WARN_NON_LITERAL_NULL_CONVERSION = YES;
				CLANG_WARN_OBJC_IMPLICIT_RETAIN_SELF = YES;
				CLANG_WARN_OBJC_LITERAL_CONVERSION = YES;
				CLANG_WARN_OBJC_ROOT_CLASS = YES_ERROR;
				CLANG_WARN_RANGE_LOOP_ANALYSIS = YES;
				CLANG_WARN_STRICT_PROTOTYPES = YES;
				CLANG_WARN_SUSPICIOUS_MOVE = YES;
				CLANG_WARN_UNGUARDED_AVAILABILITY = YES_AGGRESSIVE;
				CLANG_WARN_UNREACHABLE_CODE = YES;
				CLANG_WARN__DUPLICATE_METHOD_MATCH = YES;
				CODE_SIGN_IDENTITY = "iPhone Developer";
				COPY_PHASE_STRIP = NO;
				DEBUG_INFORMATION_FORMAT = "dwarf-with-dsym";
				ENABLE_NS_ASSERTIONS = NO;
				ENABLE_STRICT_OBJC_MSGSEND = YES;
				GCC_C_LANGUAGE_STANDARD = gnu11;
				GCC_NO_COMMON_BLOCKS = YES;
				GCC_WARN_64_TO_32_BIT_CONVERSION = YES;
				GCC_WARN_ABOUT_RETURN_TYPE = YES_ERROR;
				GCC_WARN_UNDECLARED_SELECTOR = YES;
				GCC_WARN_UNINITIALIZED_AUTOS = YES_AGGRESSIVE;
				GCC_WARN_UNUSED_FUNCTION = YES;
				GCC_WARN_UNUSED_VARIABLE = YES;
				IPHONEOS_DEPLOYMENT_TARGET = 12.0;
				MTL_ENABLE_DEBUG_INFO = NO;
				MTL_FAST_MATH = YES;
				SDKROOT = iphoneos;
				SWIFT_COMPILATION_MODE = wholemodule;
				SWIFT_OPTIMIZATION_LEVEL = "-O";
				SWIFT_VERSION = 4.2;
				VALIDATE_PRODUCT = YES;
			};
			name = Release;
		};
		9615E2AD23984B8B00A852F0 /* Debug */ = {
			isa = XCBuildConfiguration;
			baseConfigurationReference = EF0190E903C212D5C2B9E38C /* Pods-Scheducation.debug.xcconfig */;
			buildSettings = {
				ASSETCATALOG_COMPILER_APPICON_NAME = AppIcon;
				CODE_SIGN_STYLE = Automatic;
				DEVELOPMENT_TEAM = "";
				INFOPLIST_FILE = Scheducation/Info.plist;
				LD_RUNPATH_SEARCH_PATHS = (
					"$(inherited)",
					"@executable_path/Frameworks",
				);
				PRODUCT_BUNDLE_IDENTIFIER = "Jason-Inirio.Scheducation";
				PRODUCT_NAME = "$(TARGET_NAME)";
				SWIFT_VERSION = 4.2;
				TARGETED_DEVICE_FAMILY = "1,2";
			};
			name = Debug;
		};
		9615E2AE23984B8B00A852F0 /* Release */ = {
			isa = XCBuildConfiguration;
			baseConfigurationReference = CA9451ED079553B399B0009F /* Pods-Scheducation.release.xcconfig */;
			buildSettings = {
				ASSETCATALOG_COMPILER_APPICON_NAME = AppIcon;
				CODE_SIGN_STYLE = Automatic;
				DEVELOPMENT_TEAM = "";
				INFOPLIST_FILE = Scheducation/Info.plist;
				LD_RUNPATH_SEARCH_PATHS = (
					"$(inherited)",
					"@executable_path/Frameworks",
				);
				PRODUCT_BUNDLE_IDENTIFIER = "Jason-Inirio.Scheducation";
				PRODUCT_NAME = "$(TARGET_NAME)";
				SWIFT_VERSION = 4.2;
				TARGETED_DEVICE_FAMILY = "1,2";
			};
			name = Release;
		};
		9615E2B023984B8B00A852F0 /* Debug */ = {
			isa = XCBuildConfiguration;
			baseConfigurationReference = 45A5636B252030954561B7FB /* Pods-ScheducationTests.debug.xcconfig */;
			buildSettings = {
				ALWAYS_EMBED_SWIFT_STANDARD_LIBRARIES = YES;
				BUNDLE_LOADER = "$(TEST_HOST)";
				CODE_SIGN_STYLE = Automatic;
				INFOPLIST_FILE = ScheducationTests/Info.plist;
				LD_RUNPATH_SEARCH_PATHS = (
					"$(inherited)",
					"@executable_path/Frameworks",
					"@loader_path/Frameworks",
				);
				PRODUCT_BUNDLE_IDENTIFIER = "Jason-Inirio.ScheducationTests";
				PRODUCT_NAME = "$(TARGET_NAME)";
				SWIFT_VERSION = 4.2;
				TARGETED_DEVICE_FAMILY = "1,2";
				TEST_HOST = "$(BUILT_PRODUCTS_DIR)/Scheducation.app/Scheducation";
			};
			name = Debug;
		};
		9615E2B123984B8B00A852F0 /* Release */ = {
			isa = XCBuildConfiguration;
			baseConfigurationReference = A438D316584EA3FB5D1FEE6D /* Pods-ScheducationTests.release.xcconfig */;
			buildSettings = {
				ALWAYS_EMBED_SWIFT_STANDARD_LIBRARIES = YES;
				BUNDLE_LOADER = "$(TEST_HOST)";
				CODE_SIGN_STYLE = Automatic;
				INFOPLIST_FILE = ScheducationTests/Info.plist;
				LD_RUNPATH_SEARCH_PATHS = (
					"$(inherited)",
					"@executable_path/Frameworks",
					"@loader_path/Frameworks",
				);
				PRODUCT_BUNDLE_IDENTIFIER = "Jason-Inirio.ScheducationTests";
				PRODUCT_NAME = "$(TARGET_NAME)";
				SWIFT_VERSION = 4.2;
				TARGETED_DEVICE_FAMILY = "1,2";
				TEST_HOST = "$(BUILT_PRODUCTS_DIR)/Scheducation.app/Scheducation";
			};
			name = Release;
		};
		9615E2B323984B8B00A852F0 /* Debug */ = {
			isa = XCBuildConfiguration;
			baseConfigurationReference = 5522CD9CFF5E61D04380AE7E /* Pods-Scheducation-ScheducationUITests.debug.xcconfig */;
			buildSettings = {
				ALWAYS_EMBED_SWIFT_STANDARD_LIBRARIES = YES;
				CODE_SIGN_STYLE = Automatic;
				INFOPLIST_FILE = ScheducationUITests/Info.plist;
				LD_RUNPATH_SEARCH_PATHS = (
					"$(inherited)",
					"@executable_path/Frameworks",
					"@loader_path/Frameworks",
				);
				PRODUCT_BUNDLE_IDENTIFIER = "Jason-Inirio.ScheducationUITests";
				PRODUCT_NAME = "$(TARGET_NAME)";
				SWIFT_VERSION = 4.2;
				TARGETED_DEVICE_FAMILY = "1,2";
				TEST_TARGET_NAME = Scheducation;
			};
			name = Debug;
		};
		9615E2B423984B8B00A852F0 /* Release */ = {
			isa = XCBuildConfiguration;
			baseConfigurationReference = C3599B2F21E00A9259394A87 /* Pods-Scheducation-ScheducationUITests.release.xcconfig */;
			buildSettings = {
				ALWAYS_EMBED_SWIFT_STANDARD_LIBRARIES = YES;
				CODE_SIGN_STYLE = Automatic;
				INFOPLIST_FILE = ScheducationUITests/Info.plist;
				LD_RUNPATH_SEARCH_PATHS = (
					"$(inherited)",
					"@executable_path/Frameworks",
					"@loader_path/Frameworks",
				);
				PRODUCT_BUNDLE_IDENTIFIER = "Jason-Inirio.ScheducationUITests";
				PRODUCT_NAME = "$(TARGET_NAME)";
				SWIFT_VERSION = 4.2;
				TARGETED_DEVICE_FAMILY = "1,2";
				TEST_TARGET_NAME = Scheducation;
			};
			name = Release;
		};
/* End XCBuildConfiguration section */

/* Begin XCConfigurationList section */
		9615E27C23984B8A00A852F0 /* Build configuration list for PBXProject "Scheducation" */ = {
			isa = XCConfigurationList;
			buildConfigurations = (
				9615E2AA23984B8B00A852F0 /* Debug */,
				9615E2AB23984B8B00A852F0 /* Release */,
			);
			defaultConfigurationIsVisible = 0;
			defaultConfigurationName = Release;
		};
		9615E2AC23984B8B00A852F0 /* Build configuration list for PBXNativeTarget "Scheducation" */ = {
			isa = XCConfigurationList;
			buildConfigurations = (
				9615E2AD23984B8B00A852F0 /* Debug */,
				9615E2AE23984B8B00A852F0 /* Release */,
			);
			defaultConfigurationIsVisible = 0;
			defaultConfigurationName = Release;
		};
		9615E2AF23984B8B00A852F0 /* Build configuration list for PBXNativeTarget "ScheducationTests" */ = {
			isa = XCConfigurationList;
			buildConfigurations = (
				9615E2B023984B8B00A852F0 /* Debug */,
				9615E2B123984B8B00A852F0 /* Release */,
			);
			defaultConfigurationIsVisible = 0;
			defaultConfigurationName = Release;
		};
		9615E2B223984B8B00A852F0 /* Build configuration list for PBXNativeTarget "ScheducationUITests" */ = {
			isa = XCConfigurationList;
			buildConfigurations = (
				9615E2B323984B8B00A852F0 /* Debug */,
				9615E2B423984B8B00A852F0 /* Release */,
			);
			defaultConfigurationIsVisible = 0;
			defaultConfigurationName = Release;
		};
/* End XCConfigurationList section */

/* Begin XCVersionGroup section */
		9615E28B23984B8A00A852F0 /* Scheducation.xcdatamodeld */ = {
			isa = XCVersionGroup;
			children = (
				9615E28C23984B8A00A852F0 /* Scheducation.xcdatamodel */,
			);
			currentVersion = 9615E28C23984B8A00A852F0 /* Scheducation.xcdatamodel */;
			path = Scheducation.xcdatamodeld;
			sourceTree = "<group>";
			versionGroupType = wrapper.xcdatamodel;
		};
/* End XCVersionGroup section */
	};
	rootObject = 9615E27923984B8A00A852F0 /* Project object */;
}
