// !$*UTF8*$!
{
	archiveVersion = 1;
	classes = {
	};
	objectVersion = 50;
	objects = {

/* Begin PBXBuildFile section */
		1F13FFC473B91BB3C52FFBF7 /* Pods_Scheducation_ScheducationUITests.framework in Frameworks */ = {isa = PBXBuildFile; fileRef = C09EEA8D5636C90BE8B3E41F /* Pods_Scheducation_ScheducationUITests.framework */; };
		4A19E5988A983D4ADA9FDC6E /* Pods_Scheducation.framework in Frameworks */ = {isa = PBXBuildFile; fileRef = DFD271ABE5CDE33DBA6C88DF /* Pods_Scheducation.framework */; };
		96E6A33723A06BF1003F2DF5 /* AppDelegate.swift in Sources */ = {isa = PBXBuildFile; fileRef = 96E6A33623A06BF1003F2DF5 /* AppDelegate.swift */; };
		96E6A33923A06BF1003F2DF5 /* ViewController.swift in Sources */ = {isa = PBXBuildFile; fileRef = 96E6A33823A06BF1003F2DF5 /* ViewController.swift */; };
		96E6A33C23A06BF1003F2DF5 /* Main.storyboard in Resources */ = {isa = PBXBuildFile; fileRef = 96E6A33A23A06BF1003F2DF5 /* Main.storyboard */; };
		96E6A33F23A06BF1003F2DF5 /* Scheducation.xcdatamodeld in Sources */ = {isa = PBXBuildFile; fileRef = 96E6A33D23A06BF1003F2DF5 /* Scheducation.xcdatamodeld */; };
		96E6A34123A06BF6003F2DF5 /* Assets.xcassets in Resources */ = {isa = PBXBuildFile; fileRef = 96E6A34023A06BF6003F2DF5 /* Assets.xcassets */; };
		96E6A34423A06BF6003F2DF5 /* LaunchScreen.storyboard in Resources */ = {isa = PBXBuildFile; fileRef = 96E6A34223A06BF6003F2DF5 /* LaunchScreen.storyboard */; };
		96E6A34F23A06BF6003F2DF5 /* ScheducationTests.swift in Sources */ = {isa = PBXBuildFile; fileRef = 96E6A34E23A06BF6003F2DF5 /* ScheducationTests.swift */; };
		96E6A35A23A06BF6003F2DF5 /* ScheducationUITests.swift in Sources */ = {isa = PBXBuildFile; fileRef = 96E6A35923A06BF6003F2DF5 /* ScheducationUITests.swift */; };
		F8C548B8167AC26CA88DB451 /* Pods_ScheducationTests.framework in Frameworks */ = {isa = PBXBuildFile; fileRef = DB4BA1D6D6B6F0C94CEF8F27 /* Pods_ScheducationTests.framework */; };
/* End PBXBuildFile section */

/* Begin PBXContainerItemProxy section */
		96E6A34B23A06BF6003F2DF5 /* PBXContainerItemProxy */ = {
			isa = PBXContainerItemProxy;
			containerPortal = 96E6A32B23A06BF1003F2DF5 /* Project object */;
			proxyType = 1;
			remoteGlobalIDString = 96E6A33223A06BF1003F2DF5;
			remoteInfo = Scheducation;
		};
		96E6A35623A06BF6003F2DF5 /* PBXContainerItemProxy */ = {
			isa = PBXContainerItemProxy;
			containerPortal = 96E6A32B23A06BF1003F2DF5 /* Project object */;
			proxyType = 1;
			remoteGlobalIDString = 96E6A33223A06BF1003F2DF5;
			remoteInfo = Scheducation;
		};
/* End PBXContainerItemProxy section */

/* Begin PBXFileReference section */
		19D9CF645E66D8B715943FB4 /* Pods-Scheducation.release.xcconfig */ = {isa = PBXFileReference; includeInIndex = 1; lastKnownFileType = text.xcconfig; name = "Pods-Scheducation.release.xcconfig"; path = "Target Support Files/Pods-Scheducation/Pods-Scheducation.release.xcconfig"; sourceTree = "<group>"; };
		8B5E6DD96A14A6FC1829E9E7 /* Pods-ScheducationTests.release.xcconfig */ = {isa = PBXFileReference; includeInIndex = 1; lastKnownFileType = text.xcconfig; name = "Pods-ScheducationTests.release.xcconfig"; path = "Target Support Files/Pods-ScheducationTests/Pods-ScheducationTests.release.xcconfig"; sourceTree = "<group>"; };
		8D7657D474BDF01DE7A585D7 /* Pods-Scheducation-ScheducationUITests.release.xcconfig */ = {isa = PBXFileReference; includeInIndex = 1; lastKnownFileType = text.xcconfig; name = "Pods-Scheducation-ScheducationUITests.release.xcconfig"; path = "Target Support Files/Pods-Scheducation-ScheducationUITests/Pods-Scheducation-ScheducationUITests.release.xcconfig"; sourceTree = "<group>"; };
		96E6A33323A06BF1003F2DF5 /* Scheducation.app */ = {isa = PBXFileReference; explicitFileType = wrapper.application; includeInIndex = 0; path = Scheducation.app; sourceTree = BUILT_PRODUCTS_DIR; };
		96E6A33623A06BF1003F2DF5 /* AppDelegate.swift */ = {isa = PBXFileReference; lastKnownFileType = sourcecode.swift; path = AppDelegate.swift; sourceTree = "<group>"; };
		96E6A33823A06BF1003F2DF5 /* ViewController.swift */ = {isa = PBXFileReference; lastKnownFileType = sourcecode.swift; path = ViewController.swift; sourceTree = "<group>"; };
		96E6A33B23A06BF1003F2DF5 /* Base */ = {isa = PBXFileReference; lastKnownFileType = file.storyboard; name = Base; path = Base.lproj/Main.storyboard; sourceTree = "<group>"; };
		96E6A33E23A06BF1003F2DF5 /* Scheducation.xcdatamodel */ = {isa = PBXFileReference; lastKnownFileType = wrapper.xcdatamodel; path = Scheducation.xcdatamodel; sourceTree = "<group>"; };
		96E6A34023A06BF6003F2DF5 /* Assets.xcassets */ = {isa = PBXFileReference; lastKnownFileType = folder.assetcatalog; path = Assets.xcassets; sourceTree = "<group>"; };
		96E6A34323A06BF6003F2DF5 /* Base */ = {isa = PBXFileReference; lastKnownFileType = file.storyboard; name = Base; path = Base.lproj/LaunchScreen.storyboard; sourceTree = "<group>"; };
		96E6A34523A06BF6003F2DF5 /* Info.plist */ = {isa = PBXFileReference; lastKnownFileType = text.plist.xml; path = Info.plist; sourceTree = "<group>"; };
		96E6A34A23A06BF6003F2DF5 /* ScheducationTests.xctest */ = {isa = PBXFileReference; explicitFileType = wrapper.cfbundle; includeInIndex = 0; path = ScheducationTests.xctest; sourceTree = BUILT_PRODUCTS_DIR; };
		96E6A34E23A06BF6003F2DF5 /* ScheducationTests.swift */ = {isa = PBXFileReference; lastKnownFileType = sourcecode.swift; path = ScheducationTests.swift; sourceTree = "<group>"; };
		96E6A35023A06BF6003F2DF5 /* Info.plist */ = {isa = PBXFileReference; lastKnownFileType = text.plist.xml; path = Info.plist; sourceTree = "<group>"; };
		96E6A35523A06BF6003F2DF5 /* ScheducationUITests.xctest */ = {isa = PBXFileReference; explicitFileType = wrapper.cfbundle; includeInIndex = 0; path = ScheducationUITests.xctest; sourceTree = BUILT_PRODUCTS_DIR; };
		96E6A35923A06BF6003F2DF5 /* ScheducationUITests.swift */ = {isa = PBXFileReference; lastKnownFileType = sourcecode.swift; path = ScheducationUITests.swift; sourceTree = "<group>"; };
		96E6A35B23A06BF6003F2DF5 /* Info.plist */ = {isa = PBXFileReference; lastKnownFileType = text.plist.xml; path = Info.plist; sourceTree = "<group>"; };
		BEA1B78D4D5609B58A6EBEC7 /* Pods-ScheducationTests.debug.xcconfig */ = {isa = PBXFileReference; includeInIndex = 1; lastKnownFileType = text.xcconfig; name = "Pods-ScheducationTests.debug.xcconfig"; path = "Target Support Files/Pods-ScheducationTests/Pods-ScheducationTests.debug.xcconfig"; sourceTree = "<group>"; };
		C09EEA8D5636C90BE8B3E41F /* Pods_Scheducation_ScheducationUITests.framework */ = {isa = PBXFileReference; explicitFileType = wrapper.framework; includeInIndex = 0; path = Pods_Scheducation_ScheducationUITests.framework; sourceTree = BUILT_PRODUCTS_DIR; };
		DB4BA1D6D6B6F0C94CEF8F27 /* Pods_ScheducationTests.framework */ = {isa = PBXFileReference; explicitFileType = wrapper.framework; includeInIndex = 0; path = Pods_ScheducationTests.framework; sourceTree = BUILT_PRODUCTS_DIR; };
		DFD271ABE5CDE33DBA6C88DF /* Pods_Scheducation.framework */ = {isa = PBXFileReference; explicitFileType = wrapper.framework; includeInIndex = 0; path = Pods_Scheducation.framework; sourceTree = BUILT_PRODUCTS_DIR; };
		F467C7A4FC3A89732DFFB2F6 /* Pods-Scheducation.debug.xcconfig */ = {isa = PBXFileReference; includeInIndex = 1; lastKnownFileType = text.xcconfig; name = "Pods-Scheducation.debug.xcconfig"; path = "Target Support Files/Pods-Scheducation/Pods-Scheducation.debug.xcconfig"; sourceTree = "<group>"; };
		F4F81D24408C1B4AC82CB12F /* Pods-Scheducation-ScheducationUITests.debug.xcconfig */ = {isa = PBXFileReference; includeInIndex = 1; lastKnownFileType = text.xcconfig; name = "Pods-Scheducation-ScheducationUITests.debug.xcconfig"; path = "Target Support Files/Pods-Scheducation-ScheducationUITests/Pods-Scheducation-ScheducationUITests.debug.xcconfig"; sourceTree = "<group>"; };
/* End PBXFileReference section */

/* Begin PBXFrameworksBuildPhase section */
		96E6A33023A06BF1003F2DF5 /* Frameworks */ = {
			isa = PBXFrameworksBuildPhase;
			buildActionMask = 2147483647;
			files = (
				4A19E5988A983D4ADA9FDC6E /* Pods_Scheducation.framework in Frameworks */,
			);
			runOnlyForDeploymentPostprocessing = 0;
		};
		96E6A34723A06BF6003F2DF5 /* Frameworks */ = {
			isa = PBXFrameworksBuildPhase;
			buildActionMask = 2147483647;
			files = (
				F8C548B8167AC26CA88DB451 /* Pods_ScheducationTests.framework in Frameworks */,
			);
			runOnlyForDeploymentPostprocessing = 0;
		};
		96E6A35223A06BF6003F2DF5 /* Frameworks */ = {
			isa = PBXFrameworksBuildPhase;
			buildActionMask = 2147483647;
			files = (
				1F13FFC473B91BB3C52FFBF7 /* Pods_Scheducation_ScheducationUITests.framework in Frameworks */,
			);
			runOnlyForDeploymentPostprocessing = 0;
		};
/* End PBXFrameworksBuildPhase section */

/* Begin PBXGroup section */
		79EA3156331DA65A900BF5FA /* Pods */ = {
			isa = PBXGroup;
			children = (
				F467C7A4FC3A89732DFFB2F6 /* Pods-Scheducation.debug.xcconfig */,
				19D9CF645E66D8B715943FB4 /* Pods-Scheducation.release.xcconfig */,
				F4F81D24408C1B4AC82CB12F /* Pods-Scheducation-ScheducationUITests.debug.xcconfig */,
				8D7657D474BDF01DE7A585D7 /* Pods-Scheducation-ScheducationUITests.release.xcconfig */,
				BEA1B78D4D5609B58A6EBEC7 /* Pods-ScheducationTests.debug.xcconfig */,
				8B5E6DD96A14A6FC1829E9E7 /* Pods-ScheducationTests.release.xcconfig */,
			);
			name = Pods;
			path = Pods;
			sourceTree = "<group>";
		};
		96E6A32A23A06BF1003F2DF5 = {
			isa = PBXGroup;
			children = (
				96E6A33523A06BF1003F2DF5 /* Scheducation */,
				96E6A34D23A06BF6003F2DF5 /* ScheducationTests */,
				96E6A35823A06BF6003F2DF5 /* ScheducationUITests */,
				96E6A33423A06BF1003F2DF5 /* Products */,
				79EA3156331DA65A900BF5FA /* Pods */,
				CB053556620A254ED60D79D9 /* Frameworks */,
			);
			sourceTree = "<group>";
		};
		96E6A33423A06BF1003F2DF5 /* Products */ = {
			isa = PBXGroup;
			children = (
				96E6A33323A06BF1003F2DF5 /* Scheducation.app */,
				96E6A34A23A06BF6003F2DF5 /* ScheducationTests.xctest */,
				96E6A35523A06BF6003F2DF5 /* ScheducationUITests.xctest */,
			);
			name = Products;
			sourceTree = "<group>";
		};
		96E6A33523A06BF1003F2DF5 /* Scheducation */ = {
			isa = PBXGroup;
			children = (
				96E6A33623A06BF1003F2DF5 /* AppDelegate.swift */,
				96E6A33823A06BF1003F2DF5 /* ViewController.swift */,
				96E6A33A23A06BF1003F2DF5 /* Main.storyboard */,
				96E6A34023A06BF6003F2DF5 /* Assets.xcassets */,
				96E6A34223A06BF6003F2DF5 /* LaunchScreen.storyboard */,
				96E6A34523A06BF6003F2DF5 /* Info.plist */,
				96E6A33D23A06BF1003F2DF5 /* Scheducation.xcdatamodeld */,
			);
			path = Scheducation;
			sourceTree = "<group>";
		};
		96E6A34D23A06BF6003F2DF5 /* ScheducationTests */ = {
			isa = PBXGroup;
			children = (
				96E6A34E23A06BF6003F2DF5 /* ScheducationTests.swift */,
				96E6A35023A06BF6003F2DF5 /* Info.plist */,
			);
			path = ScheducationTests;
			sourceTree = "<group>";
		};
		96E6A35823A06BF6003F2DF5 /* ScheducationUITests */ = {
			isa = PBXGroup;
			children = (
				96E6A35923A06BF6003F2DF5 /* ScheducationUITests.swift */,
				96E6A35B23A06BF6003F2DF5 /* Info.plist */,
			);
			path = ScheducationUITests;
			sourceTree = "<group>";
		};
		CB053556620A254ED60D79D9 /* Frameworks */ = {
			isa = PBXGroup;
			children = (
				DFD271ABE5CDE33DBA6C88DF /* Pods_Scheducation.framework */,
				C09EEA8D5636C90BE8B3E41F /* Pods_Scheducation_ScheducationUITests.framework */,
				DB4BA1D6D6B6F0C94CEF8F27 /* Pods_ScheducationTests.framework */,
			);
			name = Frameworks;
			sourceTree = "<group>";
		};
/* End PBXGroup section */

/* Begin PBXNativeTarget section */
		96E6A33223A06BF1003F2DF5 /* Scheducation */ = {
			isa = PBXNativeTarget;
			buildConfigurationList = 96E6A35E23A06BF6003F2DF5 /* Build configuration list for PBXNativeTarget "Scheducation" */;
			buildPhases = (
				7281B849CB93BF288D320E17 /* [CP] Check Pods Manifest.lock */,
				96E6A32F23A06BF1003F2DF5 /* Sources */,
				96E6A33023A06BF1003F2DF5 /* Frameworks */,
				96E6A33123A06BF1003F2DF5 /* Resources */,
				460120D23986A0E1BC7579B6 /* [CP] Embed Pods Frameworks */,
			);
			buildRules = (
			);
			dependencies = (
			);
			name = Scheducation;
			productName = Scheducation;
			productReference = 96E6A33323A06BF1003F2DF5 /* Scheducation.app */;
			productType = "com.apple.product-type.application";
		};
		96E6A34923A06BF6003F2DF5 /* ScheducationTests */ = {
			isa = PBXNativeTarget;
			buildConfigurationList = 96E6A36123A06BF6003F2DF5 /* Build configuration list for PBXNativeTarget "ScheducationTests" */;
			buildPhases = (
				746FCEE779D744FBA3DE219F /* [CP] Check Pods Manifest.lock */,
				96E6A34623A06BF6003F2DF5 /* Sources */,
				96E6A34723A06BF6003F2DF5 /* Frameworks */,
				96E6A34823A06BF6003F2DF5 /* Resources */,
			);
			buildRules = (
			);
			dependencies = (
				96E6A34C23A06BF6003F2DF5 /* PBXTargetDependency */,
			);
			name = ScheducationTests;
			productName = ScheducationTests;
			productReference = 96E6A34A23A06BF6003F2DF5 /* ScheducationTests.xctest */;
			productType = "com.apple.product-type.bundle.unit-test";
		};
		96E6A35423A06BF6003F2DF5 /* ScheducationUITests */ = {
			isa = PBXNativeTarget;
			buildConfigurationList = 96E6A36423A06BF6003F2DF5 /* Build configuration list for PBXNativeTarget "ScheducationUITests" */;
			buildPhases = (
				7DFA5E465F3A3D3665CCB078 /* [CP] Check Pods Manifest.lock */,
				96E6A35123A06BF6003F2DF5 /* Sources */,
				96E6A35223A06BF6003F2DF5 /* Frameworks */,
				96E6A35323A06BF6003F2DF5 /* Resources */,
				E348A24D78F45FDA205CF34E /* [CP] Embed Pods Frameworks */,
			);
			buildRules = (
			);
			dependencies = (
				96E6A35723A06BF6003F2DF5 /* PBXTargetDependency */,
			);
			name = ScheducationUITests;
			productName = ScheducationUITests;
			productReference = 96E6A35523A06BF6003F2DF5 /* ScheducationUITests.xctest */;
			productType = "com.apple.product-type.bundle.ui-testing";
		};
/* End PBXNativeTarget section */

/* Begin PBXProject section */
		96E6A32B23A06BF1003F2DF5 /* Project object */ = {
			isa = PBXProject;
			attributes = {
				LastSwiftUpdateCheck = 1000;
				LastUpgradeCheck = 1000;
				ORGANIZATIONNAME = "Jason Inirio";
				TargetAttributes = {
					96E6A33223A06BF1003F2DF5 = {
						CreatedOnToolsVersion = 10.0;
					};
					96E6A34923A06BF6003F2DF5 = {
						CreatedOnToolsVersion = 10.0;
						TestTargetID = 96E6A33223A06BF1003F2DF5;
					};
					96E6A35423A06BF6003F2DF5 = {
						CreatedOnToolsVersion = 10.0;
						TestTargetID = 96E6A33223A06BF1003F2DF5;
					};
				};
			};
			buildConfigurationList = 96E6A32E23A06BF1003F2DF5 /* Build configuration list for PBXProject "Scheducation" */;
			compatibilityVersion = "Xcode 9.3";
			developmentRegion = en;
			hasScannedForEncodings = 0;
			knownRegions = (
				en,
				Base,
			);
			mainGroup = 96E6A32A23A06BF1003F2DF5;
			productRefGroup = 96E6A33423A06BF1003F2DF5 /* Products */;
			projectDirPath = "";
			projectRoot = "";
			targets = (
				96E6A33223A06BF1003F2DF5 /* Scheducation */,
				96E6A34923A06BF6003F2DF5 /* ScheducationTests */,
				96E6A35423A06BF6003F2DF5 /* ScheducationUITests */,
			);
		};
/* End PBXProject section */

/* Begin PBXResourcesBuildPhase section */
		96E6A33123A06BF1003F2DF5 /* Resources */ = {
			isa = PBXResourcesBuildPhase;
			buildActionMask = 2147483647;
			files = (
				96E6A34423A06BF6003F2DF5 /* LaunchScreen.storyboard in Resources */,
				96E6A34123A06BF6003F2DF5 /* Assets.xcassets in Resources */,
				96E6A33C23A06BF1003F2DF5 /* Main.storyboard in Resources */,
			);
			runOnlyForDeploymentPostprocessing = 0;
		};
		96E6A34823A06BF6003F2DF5 /* Resources */ = {
			isa = PBXResourcesBuildPhase;
			buildActionMask = 2147483647;
			files = (
			);
			runOnlyForDeploymentPostprocessing = 0;
		};
		96E6A35323A06BF6003F2DF5 /* Resources */ = {
			isa = PBXResourcesBuildPhase;
			buildActionMask = 2147483647;
			files = (
			);
			runOnlyForDeploymentPostprocessing = 0;
		};
/* End PBXResourcesBuildPhase section */

/* Begin PBXShellScriptBuildPhase section */
		460120D23986A0E1BC7579B6 /* [CP] Embed Pods Frameworks */ = {
			isa = PBXShellScriptBuildPhase;
			buildActionMask = 2147483647;
			files = (
			);
			inputFileListPaths = (
				"${PODS_ROOT}/Target Support Files/Pods-Scheducation/Pods-Scheducation-frameworks-${CONFIGURATION}-input-files.xcfilelist",
			);
			name = "[CP] Embed Pods Frameworks";
			outputFileListPaths = (
				"${PODS_ROOT}/Target Support Files/Pods-Scheducation/Pods-Scheducation-frameworks-${CONFIGURATION}-output-files.xcfilelist",
			);
			runOnlyForDeploymentPostprocessing = 0;
			shellPath = /bin/sh;
			shellScript = "\"${PODS_ROOT}/Target Support Files/Pods-Scheducation/Pods-Scheducation-frameworks.sh\"\n";
			showEnvVarsInLog = 0;
		};
		7281B849CB93BF288D320E17 /* [CP] Check Pods Manifest.lock */ = {
			isa = PBXShellScriptBuildPhase;
			buildActionMask = 2147483647;
			files = (
			);
			inputFileListPaths = (
			);
			inputPaths = (
				"${PODS_PODFILE_DIR_PATH}/Podfile.lock",
				"${PODS_ROOT}/Manifest.lock",
			);
			name = "[CP] Check Pods Manifest.lock";
			outputFileListPaths = (
			);
			outputPaths = (
				"$(DERIVED_FILE_DIR)/Pods-Scheducation-checkManifestLockResult.txt",
			);
			runOnlyForDeploymentPostprocessing = 0;
			shellPath = /bin/sh;
			shellScript = "diff \"${PODS_PODFILE_DIR_PATH}/Podfile.lock\" \"${PODS_ROOT}/Manifest.lock\" > /dev/null\nif [ $? != 0 ] ; then\n    # print error to STDERR\n    echo \"error: The sandbox is not in sync with the Podfile.lock. Run 'pod install' or update your CocoaPods installation.\" >&2\n    exit 1\nfi\n# This output is used by Xcode 'outputs' to avoid re-running this script phase.\necho \"SUCCESS\" > \"${SCRIPT_OUTPUT_FILE_0}\"\n";
			showEnvVarsInLog = 0;
		};
		746FCEE779D744FBA3DE219F /* [CP] Check Pods Manifest.lock */ = {
			isa = PBXShellScriptBuildPhase;
			buildActionMask = 2147483647;
			files = (
			);
			inputFileListPaths = (
			);
			inputPaths = (
				"${PODS_PODFILE_DIR_PATH}/Podfile.lock",
				"${PODS_ROOT}/Manifest.lock",
			);
			name = "[CP] Check Pods Manifest.lock";
			outputFileListPaths = (
			);
			outputPaths = (
				"$(DERIVED_FILE_DIR)/Pods-ScheducationTests-checkManifestLockResult.txt",
			);
			runOnlyForDeploymentPostprocessing = 0;
			shellPath = /bin/sh;
			shellScript = "diff \"${PODS_PODFILE_DIR_PATH}/Podfile.lock\" \"${PODS_ROOT}/Manifest.lock\" > /dev/null\nif [ $? != 0 ] ; then\n    # print error to STDERR\n    echo \"error: The sandbox is not in sync with the Podfile.lock. Run 'pod install' or update your CocoaPods installation.\" >&2\n    exit 1\nfi\n# This output is used by Xcode 'outputs' to avoid re-running this script phase.\necho \"SUCCESS\" > \"${SCRIPT_OUTPUT_FILE_0}\"\n";
			showEnvVarsInLog = 0;
		};
		7DFA5E465F3A3D3665CCB078 /* [CP] Check Pods Manifest.lock */ = {
			isa = PBXShellScriptBuildPhase;
			buildActionMask = 2147483647;
			files = (
			);
			inputFileListPaths = (
			);
			inputPaths = (
				"${PODS_PODFILE_DIR_PATH}/Podfile.lock",
				"${PODS_ROOT}/Manifest.lock",
			);
			name = "[CP] Check Pods Manifest.lock";
			outputFileListPaths = (
			);
			outputPaths = (
				"$(DERIVED_FILE_DIR)/Pods-Scheducation-ScheducationUITests-checkManifestLockResult.txt",
			);
			runOnlyForDeploymentPostprocessing = 0;
			shellPath = /bin/sh;
			shellScript = "diff \"${PODS_PODFILE_DIR_PATH}/Podfile.lock\" \"${PODS_ROOT}/Manifest.lock\" > /dev/null\nif [ $? != 0 ] ; then\n    # print error to STDERR\n    echo \"error: The sandbox is not in sync with the Podfile.lock. Run 'pod install' or update your CocoaPods installation.\" >&2\n    exit 1\nfi\n# This output is used by Xcode 'outputs' to avoid re-running this script phase.\necho \"SUCCESS\" > \"${SCRIPT_OUTPUT_FILE_0}\"\n";
			showEnvVarsInLog = 0;
		};
		E348A24D78F45FDA205CF34E /* [CP] Embed Pods Frameworks */ = {
			isa = PBXShellScriptBuildPhase;
			buildActionMask = 2147483647;
			files = (
			);
			inputFileListPaths = (
				"${PODS_ROOT}/Target Support Files/Pods-Scheducation-ScheducationUITests/Pods-Scheducation-ScheducationUITests-frameworks-${CONFIGURATION}-input-files.xcfilelist",
			);
			name = "[CP] Embed Pods Frameworks";
			outputFileListPaths = (
				"${PODS_ROOT}/Target Support Files/Pods-Scheducation-ScheducationUITests/Pods-Scheducation-ScheducationUITests-frameworks-${CONFIGURATION}-output-files.xcfilelist",
			);
			runOnlyForDeploymentPostprocessing = 0;
			shellPath = /bin/sh;
			shellScript = "\"${PODS_ROOT}/Target Support Files/Pods-Scheducation-ScheducationUITests/Pods-Scheducation-ScheducationUITests-frameworks.sh\"\n";
			showEnvVarsInLog = 0;
		};
/* End PBXShellScriptBuildPhase section */

/* Begin PBXSourcesBuildPhase section */
		96E6A32F23A06BF1003F2DF5 /* Sources */ = {
			isa = PBXSourcesBuildPhase;
			buildActionMask = 2147483647;
			files = (
				96E6A33923A06BF1003F2DF5 /* ViewController.swift in Sources */,
				96E6A33F23A06BF1003F2DF5 /* Scheducation.xcdatamodeld in Sources */,
				96E6A33723A06BF1003F2DF5 /* AppDelegate.swift in Sources */,
			);
			runOnlyForDeploymentPostprocessing = 0;
		};
		96E6A34623A06BF6003F2DF5 /* Sources */ = {
			isa = PBXSourcesBuildPhase;
			buildActionMask = 2147483647;
			files = (
				96E6A34F23A06BF6003F2DF5 /* ScheducationTests.swift in Sources */,
			);
			runOnlyForDeploymentPostprocessing = 0;
		};
		96E6A35123A06BF6003F2DF5 /* Sources */ = {
			isa = PBXSourcesBuildPhase;
			buildActionMask = 2147483647;
			files = (
				96E6A35A23A06BF6003F2DF5 /* ScheducationUITests.swift in Sources */,
			);
			runOnlyForDeploymentPostprocessing = 0;
		};
/* End PBXSourcesBuildPhase section */

/* Begin PBXTargetDependency section */
		96E6A34C23A06BF6003F2DF5 /* PBXTargetDependency */ = {
			isa = PBXTargetDependency;
			target = 96E6A33223A06BF1003F2DF5 /* Scheducation */;
			targetProxy = 96E6A34B23A06BF6003F2DF5 /* PBXContainerItemProxy */;
		};
		96E6A35723A06BF6003F2DF5 /* PBXTargetDependency */ = {
			isa = PBXTargetDependency;
			target = 96E6A33223A06BF1003F2DF5 /* Scheducation */;
			targetProxy = 96E6A35623A06BF6003F2DF5 /* PBXContainerItemProxy */;
		};
/* End PBXTargetDependency section */

/* Begin PBXVariantGroup section */
		96E6A33A23A06BF1003F2DF5 /* Main.storyboard */ = {
			isa = PBXVariantGroup;
			children = (
				96E6A33B23A06BF1003F2DF5 /* Base */,
			);
			name = Main.storyboard;
			sourceTree = "<group>";
		};
		96E6A34223A06BF6003F2DF5 /* LaunchScreen.storyboard */ = {
			isa = PBXVariantGroup;
			children = (
				96E6A34323A06BF6003F2DF5 /* Base */,
			);
			name = LaunchScreen.storyboard;
			sourceTree = "<group>";
		};
/* End PBXVariantGroup section */

/* Begin XCBuildConfiguration section */
		96E6A35C23A06BF6003F2DF5 /* Debug */ = {
			isa = XCBuildConfiguration;
			buildSettings = {
				ALWAYS_SEARCH_USER_PATHS = NO;
				CLANG_ANALYZER_NONNULL = YES;
				CLANG_ANALYZER_NUMBER_OBJECT_CONVERSION = YES_AGGRESSIVE;
				CLANG_CXX_LANGUAGE_STANDARD = "gnu++14";
				CLANG_CXX_LIBRARY = "libc++";
				CLANG_ENABLE_MODULES = YES;
				CLANG_ENABLE_OBJC_ARC = YES;
				CLANG_ENABLE_OBJC_WEAK = YES;
				CLANG_WARN_BLOCK_CAPTURE_AUTORELEASING = YES;
				CLANG_WARN_BOOL_CONVERSION = YES;
				CLANG_WARN_COMMA = YES;
				CLANG_WARN_CONSTANT_CONVERSION = YES;
				CLANG_WARN_DEPRECATED_OBJC_IMPLEMENTATIONS = YES;
				CLANG_WARN_DIRECT_OBJC_ISA_USAGE = YES_ERROR;
				CLANG_WARN_DOCUMENTATION_COMMENTS = YES;
				CLANG_WARN_EMPTY_BODY = YES;
				CLANG_WARN_ENUM_CONVERSION = YES;
				CLANG_WARN_INFINITE_RECURSION = YES;
				CLANG_WARN_INT_CONVERSION = YES;
				CLANG_WARN_NON_LITERAL_NULL_CONVERSION = YES;
				CLANG_WARN_OBJC_IMPLICIT_RETAIN_SELF = YES;
				CLANG_WARN_OBJC_LITERAL_CONVERSION = YES;
				CLANG_WARN_OBJC_ROOT_CLASS = YES_ERROR;
				CLANG_WARN_RANGE_LOOP_ANALYSIS = YES;
				CLANG_WARN_STRICT_PROTOTYPES = YES;
				CLANG_WARN_SUSPICIOUS_MOVE = YES;
				CLANG_WARN_UNGUARDED_AVAILABILITY = YES_AGGRESSIVE;
				CLANG_WARN_UNREACHABLE_CODE = YES;
				CLANG_WARN__DUPLICATE_METHOD_MATCH = YES;
				CODE_SIGN_IDENTITY = "iPhone Developer";
				COPY_PHASE_STRIP = NO;
				DEBUG_INFORMATION_FORMAT = dwarf;
				ENABLE_STRICT_OBJC_MSGSEND = YES;
				ENABLE_TESTABILITY = YES;
				GCC_C_LANGUAGE_STANDARD = gnu11;
				GCC_DYNAMIC_NO_PIC = NO;
				GCC_NO_COMMON_BLOCKS = YES;
				GCC_OPTIMIZATION_LEVEL = 0;
				GCC_PREPROCESSOR_DEFINITIONS = (
					"DEBUG=1",
					"$(inherited)",
				);
				GCC_WARN_64_TO_32_BIT_CONVERSION = YES;
				GCC_WARN_ABOUT_RETURN_TYPE = YES_ERROR;
				GCC_WARN_UNDECLARED_SELECTOR = YES;
				GCC_WARN_UNINITIALIZED_AUTOS = YES_AGGRESSIVE;
				GCC_WARN_UNUSED_FUNCTION = YES;
				GCC_WARN_UNUSED_VARIABLE = YES;
				IPHONEOS_DEPLOYMENT_TARGET = 12.0;
				MTL_ENABLE_DEBUG_INFO = INCLUDE_SOURCE;
				MTL_FAST_MATH = YES;
				ONLY_ACTIVE_ARCH = YES;
				SDKROOT = iphoneos;
				SWIFT_ACTIVE_COMPILATION_CONDITIONS = DEBUG;
				SWIFT_OPTIMIZATION_LEVEL = "-Onone";
			};
			name = Debug;
		};
		96E6A35D23A06BF6003F2DF5 /* Release */ = {
			isa = XCBuildConfiguration;
			buildSettings = {
				ALWAYS_SEARCH_USER_PATHS = NO;
				CLANG_ANALYZER_NONNULL = YES;
				CLANG_ANALYZER_NUMBER_OBJECT_CONVERSION = YES_AGGRESSIVE;
				CLANG_CXX_LANGUAGE_STANDARD = "gnu++14";
				CLANG_CXX_LIBRARY = "libc++";
				CLANG_ENABLE_MODULES = YES;
				CLANG_ENABLE_OBJC_ARC = YES;
				CLANG_ENABLE_OBJC_WEAK = YES;
				CLANG_WARN_BLOCK_CAPTURE_AUTORELEASING = YES;
				CLANG_WARN_BOOL_CONVERSION = YES;
				CLANG_WARN_COMMA = YES;
				CLANG_WARN_CONSTANT_CONVERSION = YES;
				CLANG_WARN_DEPRECATED_OBJC_IMPLEMENTATIONS = YES;
				CLANG_WARN_DIRECT_OBJC_ISA_USAGE = YES_ERROR;
				CLANG_WARN_DOCUMENTATION_COMMENTS = YES;
				CLANG_WARN_EMPTY_BODY = YES;
				CLANG_WARN_ENUM_CONVERSION = YES;
				CLANG_WARN_INFINITE_RECURSION = YES;
				CLANG_WARN_INT_CONVERSION = YES;
				CLANG_WARN_NON_LITERAL_NULL_CONVERSION = YES;
				CLANG_WARN_OBJC_IMPLICIT_RETAIN_SELF = YES;
				CLANG_WARN_OBJC_LITERAL_CONVERSION = YES;
				CLANG_WARN_OBJC_ROOT_CLASS = YES_ERROR;
				CLANG_WARN_RANGE_LOOP_ANALYSIS = YES;
				CLANG_WARN_STRICT_PROTOTYPES = YES;
				CLANG_WARN_SUSPICIOUS_MOVE = YES;
				CLANG_WARN_UNGUARDED_AVAILABILITY = YES_AGGRESSIVE;
				CLANG_WARN_UNREACHABLE_CODE = YES;
				CLANG_WARN__DUPLICATE_METHOD_MATCH = YES;
				CODE_SIGN_IDENTITY = "iPhone Developer";
				COPY_PHASE_STRIP = NO;
				DEBUG_INFORMATION_FORMAT = "dwarf-with-dsym";
				ENABLE_NS_ASSERTIONS = NO;
				ENABLE_STRICT_OBJC_MSGSEND = YES;
				GCC_C_LANGUAGE_STANDARD = gnu11;
				GCC_NO_COMMON_BLOCKS = YES;
				GCC_WARN_64_TO_32_BIT_CONVERSION = YES;
				GCC_WARN_ABOUT_RETURN_TYPE = YES_ERROR;
				GCC_WARN_UNDECLARED_SELECTOR = YES;
				GCC_WARN_UNINITIALIZED_AUTOS = YES_AGGRESSIVE;
				GCC_WARN_UNUSED_FUNCTION = YES;
				GCC_WARN_UNUSED_VARIABLE = YES;
				IPHONEOS_DEPLOYMENT_TARGET = 12.0;
				MTL_ENABLE_DEBUG_INFO = NO;
				MTL_FAST_MATH = YES;
				SDKROOT = iphoneos;
				SWIFT_COMPILATION_MODE = wholemodule;
				SWIFT_OPTIMIZATION_LEVEL = "-O";
				VALIDATE_PRODUCT = YES;
			};
			name = Release;
		};
		96E6A35F23A06BF6003F2DF5 /* Debug */ = {
			isa = XCBuildConfiguration;
			baseConfigurationReference = F467C7A4FC3A89732DFFB2F6 /* Pods-Scheducation.debug.xcconfig */;
			buildSettings = {
				ASSETCATALOG_COMPILER_APPICON_NAME = AppIcon;
				CODE_SIGN_STYLE = Automatic;
				INFOPLIST_FILE = Scheducation/Info.plist;
				LD_RUNPATH_SEARCH_PATHS = (
					"$(inherited)",
					"@executable_path/Frameworks",
				);
				PRODUCT_BUNDLE_IDENTIFIER = "Jason-Inirio.Scheducation";
				PRODUCT_NAME = "$(TARGET_NAME)";
				SWIFT_VERSION = 4.2;
				TARGETED_DEVICE_FAMILY = "1,2";
			};
			name = Debug;
		};
		96E6A36023A06BF6003F2DF5 /* Release */ = {
			isa = XCBuildConfiguration;
			baseConfigurationReference = 19D9CF645E66D8B715943FB4 /* Pods-Scheducation.release.xcconfig */;
			buildSettings = {
				ASSETCATALOG_COMPILER_APPICON_NAME = AppIcon;
				CODE_SIGN_STYLE = Automatic;
				INFOPLIST_FILE = Scheducation/Info.plist;
				LD_RUNPATH_SEARCH_PATHS = (
					"$(inherited)",
					"@executable_path/Frameworks",
				);
				PRODUCT_BUNDLE_IDENTIFIER = "Jason-Inirio.Scheducation";
				PRODUCT_NAME = "$(TARGET_NAME)";
				SWIFT_VERSION = 4.2;
				TARGETED_DEVICE_FAMILY = "1,2";
			};
			name = Release;
		};
		96E6A36223A06BF6003F2DF5 /* Debug */ = {
			isa = XCBuildConfiguration;
			baseConfigurationReference = BEA1B78D4D5609B58A6EBEC7 /* Pods-ScheducationTests.debug.xcconfig */;
			buildSettings = {
				ALWAYS_EMBED_SWIFT_STANDARD_LIBRARIES = YES;
				BUNDLE_LOADER = "$(TEST_HOST)";
				CODE_SIGN_STYLE = Automatic;
				INFOPLIST_FILE = ScheducationTests/Info.plist;
				LD_RUNPATH_SEARCH_PATHS = (
					"$(inherited)",
					"@executable_path/Frameworks",
					"@loader_path/Frameworks",
				);
				PRODUCT_BUNDLE_IDENTIFIER = "Jason-Inirio.ScheducationTests";
				PRODUCT_NAME = "$(TARGET_NAME)";
				SWIFT_VERSION = 4.2;
				TARGETED_DEVICE_FAMILY = "1,2";
				TEST_HOST = "$(BUILT_PRODUCTS_DIR)/Scheducation.app/Scheducation";
			};
			name = Debug;
		};
		96E6A36323A06BF6003F2DF5 /* Release */ = {
			isa = XCBuildConfiguration;
			baseConfigurationReference = 8B5E6DD96A14A6FC1829E9E7 /* Pods-ScheducationTests.release.xcconfig */;
			buildSettings = {
				ALWAYS_EMBED_SWIFT_STANDARD_LIBRARIES = YES;
				BUNDLE_LOADER = "$(TEST_HOST)";
				CODE_SIGN_STYLE = Automatic;
				INFOPLIST_FILE = ScheducationTests/Info.plist;
				LD_RUNPATH_SEARCH_PATHS = (
					"$(inherited)",
					"@executable_path/Frameworks",
					"@loader_path/Frameworks",
				);
				PRODUCT_BUNDLE_IDENTIFIER = "Jason-Inirio.ScheducationTests";
				PRODUCT_NAME = "$(TARGET_NAME)";
				SWIFT_VERSION = 4.2;
				TARGETED_DEVICE_FAMILY = "1,2";
				TEST_HOST = "$(BUILT_PRODUCTS_DIR)/Scheducation.app/Scheducation";
			};
			name = Release;
		};
		96E6A36523A06BF6003F2DF5 /* Debug */ = {
			isa = XCBuildConfiguration;
			baseConfigurationReference = F4F81D24408C1B4AC82CB12F /* Pods-Scheducation-ScheducationUITests.debug.xcconfig */;
			buildSettings = {
				ALWAYS_EMBED_SWIFT_STANDARD_LIBRARIES = YES;
				CODE_SIGN_STYLE = Automatic;
				INFOPLIST_FILE = ScheducationUITests/Info.plist;
				LD_RUNPATH_SEARCH_PATHS = (
					"$(inherited)",
					"@executable_path/Frameworks",
					"@loader_path/Frameworks",
				);
				PRODUCT_BUNDLE_IDENTIFIER = "Jason-Inirio.ScheducationUITests";
				PRODUCT_NAME = "$(TARGET_NAME)";
				SWIFT_VERSION = 4.2;
				TARGETED_DEVICE_FAMILY = "1,2";
				TEST_TARGET_NAME = Scheducation;
			};
			name = Debug;
		};
		96E6A36623A06BF6003F2DF5 /* Release */ = {
			isa = XCBuildConfiguration;
			baseConfigurationReference = 8D7657D474BDF01DE7A585D7 /* Pods-Scheducation-ScheducationUITests.release.xcconfig */;
			buildSettings = {
				ALWAYS_EMBED_SWIFT_STANDARD_LIBRARIES = YES;
				CODE_SIGN_STYLE = Automatic;
				INFOPLIST_FILE = ScheducationUITests/Info.plist;
				LD_RUNPATH_SEARCH_PATHS = (
					"$(inherited)",
					"@executable_path/Frameworks",
					"@loader_path/Frameworks",
				);
				PRODUCT_BUNDLE_IDENTIFIER = "Jason-Inirio.ScheducationUITests";
				PRODUCT_NAME = "$(TARGET_NAME)";
				SWIFT_VERSION = 4.2;
				TARGETED_DEVICE_FAMILY = "1,2";
				TEST_TARGET_NAME = Scheducation;
			};
			name = Release;
		};
/* End XCBuildConfiguration section */

/* Begin XCConfigurationList section */
		96E6A32E23A06BF1003F2DF5 /* Build configuration list for PBXProject "Scheducation" */ = {
			isa = XCConfigurationList;
			buildConfigurations = (
				96E6A35C23A06BF6003F2DF5 /* Debug */,
				96E6A35D23A06BF6003F2DF5 /* Release */,
			);
			defaultConfigurationIsVisible = 0;
			defaultConfigurationName = Release;
		};
		96E6A35E23A06BF6003F2DF5 /* Build configuration list for PBXNativeTarget "Scheducation" */ = {
			isa = XCConfigurationList;
			buildConfigurations = (
				96E6A35F23A06BF6003F2DF5 /* Debug */,
				96E6A36023A06BF6003F2DF5 /* Release */,
			);
			defaultConfigurationIsVisible = 0;
			defaultConfigurationName = Release;
		};
		96E6A36123A06BF6003F2DF5 /* Build configuration list for PBXNativeTarget "ScheducationTests" */ = {
			isa = XCConfigurationList;
			buildConfigurations = (
				96E6A36223A06BF6003F2DF5 /* Debug */,
				96E6A36323A06BF6003F2DF5 /* Release */,
			);
			defaultConfigurationIsVisible = 0;
			defaultConfigurationName = Release;
		};
		96E6A36423A06BF6003F2DF5 /* Build configuration list for PBXNativeTarget "ScheducationUITests" */ = {
			isa = XCConfigurationList;
			buildConfigurations = (
				96E6A36523A06BF6003F2DF5 /* Debug */,
				96E6A36623A06BF6003F2DF5 /* Release */,
			);
			defaultConfigurationIsVisible = 0;
			defaultConfigurationName = Release;
		};
/* End XCConfigurationList section */

/* Begin XCVersionGroup section */
		96E6A33D23A06BF1003F2DF5 /* Scheducation.xcdatamodeld */ = {
			isa = XCVersionGroup;
			children = (
				96E6A33E23A06BF1003F2DF5 /* Scheducation.xcdatamodel */,
			);
			currentVersion = 96E6A33E23A06BF1003F2DF5 /* Scheducation.xcdatamodel */;
			path = Scheducation.xcdatamodeld;
			sourceTree = "<group>";
			versionGroupType = wrapper.xcdatamodel;
		};
/* End XCVersionGroup section */
	};
	rootObject = 96E6A32B23A06BF1003F2DF5 /* Project object */;
}
